# This file is automatically @generated by Cargo.
# It is not intended for manual editing.
version = 4

[[package]]
name = "alloy-agent"
version = "0.1.0"

[[package]]
name = "alloy-control"
version = "0.1.0"

[[package]]
name = "alloy-core"
version = "0.1.0"

[[package]]
name = "alloy-db"
version = "0.1.0"

[[package]]
name = "alloy-migration"
version = "0.1.0"

[[package]]
name = "alloy-proto"
version = "0.1.0"
